# config/protocol_lock.yaml — LOCKED observation protocol.
# See docs/OBSERVATION_PROTOCOL.md and scripts/verify_protocol_lock.py.
# Verified by tests/test_protocol_lock.py — a drift here fails the suite.
# Change ONLY via deliberate re-registration: run
#   python scripts/verify_protocol_lock.py --register
# then record the reason in the commit message. Never auto-update to go green.
locked: true
registered: '2026-07-05'
protocol_sha: 25207282e6e7d4e0bbdc7d1ed07fe712b724e43a1406af294ff2c679a17df90e
ruleset_sha: 43ee74449a89703aa6f7d9fbc42e8849c0c939df5c56e65199246ae13ccff86e
ruleset_files:
  src/paper_trading.py: c54d0a9b09b1bad69fbccc8a58fd7f6905a1fbfc4dc3e7faee0e0fd4b5be01f3
  src/engine/calculator.py: 37f0d47e10f5c1f8d614ccd21d9627505270f31cf94173ce795deb91bbe30b88
  src/signals/momentum.py: 826192439844e79bf049f458656386b5330d333269ae68eeae74afe357856f9e
  src/signals/revisions.py: 39f6397f0a529a664cf06de64761502ad0e660f6ddf7d0994b31002ec9f12448
  config/constitution.yaml: 956772422677b93db1e6ff9fd96908bd2b42db5e8cd9ed4dcb6487a49ea858a0
  config/settings.yaml: dfaae10a900ed94aa0fb5b72ef5fbccfc363c5b03cdbec5217e05d9b663d33d2
  config/universe.yaml: fe4d601b2b807cced3ab9312b95ea3923cb4b52cce9ff724bf7358efbf6b09f7
live_pilot:
  locked: true
  registered: '2026-07-06'
  protocol_doc: docs/LIVE_PILOT_PROTOCOL.md
  protocol_sha: 5ef93fce7da0057b44c0eaebbac3d91a5a38ecac6fec8ba7d42db7fecec93644
  ruleset_files: null
